<?xml version="1.0" encoding="utf-8"?>
<Project ToolsVersion="4.0" xmlns="http://schemas.microsoft.com/developer/msbuild/2003">
  <ItemGroup>
    <ClCompile Include="dllmain.cpp" />
    <ClCompile Include="imgui\imgui.cpp" />
    <ClCompile Include="imgui\imgui_draw.cpp" />
    <ClCompile Include="imgui\imgui_impl_dx11.cpp" />
    <ClCompile Include="core.cpp" />
    <ClCompile Include="menu.cpp" />
    <ClCompile Include="offsets.cpp" />
    <ClCompile Include="settings.cpp" />
    <ClCompile Include="Util.cpp" />
  </ItemGroup>
  <ItemGroup>
    <ClInclude Include="core.h" />
    <ClInclude Include="meni.h" />
    <ClInclude Include="offsets.h" />
    <ClInclude Include="settings.h" />
    <ClInclude Include="util.h" />
    <ClInclude Include="imgui\imconfig.h" />
    <ClInclude Include="imgui\imgui.h" />
    <ClInclude Include="imgui\imgui_impl_dx11.h" />
    <ClInclude Include="imgui\imgui_internal.h" />
    <ClInclude Include="imgui\stb_rect_pack.h" />
    <ClInclude Include="imgui\stb_textedit.h" />
    <ClInclude Include="imgui\stb_truetype.h" />
    <ClInclude Include="stdafx.h" />
    <ClInclude Include="Structs.h" />
    <ClInclude Include="Globals.h" />
    <ClInclude Include="imgui_xorstr.h" />
  </ItemGroup>
  <ItemGroup>
    <MASM Include="spoofinternal.asm" />
  </ItemGroup>
</Project>